
Microsoft Visual Studio Solution File, Format Version 12.00
# Visual Studio Version 17
VisualStudioVersion = 17.4.33213.308
MinimumVisualStudioVersion = 10.0.40219.1
Project("{2150E333-8FDC-42A3-9474-1A3956D46DE8}") = "Modules", "Modules", "{4D7742E6-EB50-4345-B53D-6AE25FD92B7C}"
EndProject
Project("{9A19103F-16F7-4668-BE54-9A1E7A4F7556}") = "PrismBase.Modules.Main", "PrismBase\Modules\PrismBase.Modules.ModuleName\PrismBase.Modules.Main.csproj", "{80D24C56-6EA4-4C26-B1F9-686DC7599DA6}"
EndProject
Project("{2150E333-8FDC-42A3-9474-1A3956D46DE8}") = "Services", "Services", "{9D0E79E4-2D0C-4401-B09E-2486F5F219A1}"
EndProject
Project("{9A19103F-16F7-4668-BE54-9A1E7A4F7556}") = "PrismBase.Services", "PrismBase\Services\PrismBase.Services\PrismBase.Services.csproj", "{86D6506C-4891-4E0F-BCA9-FBAEE2EA04D8}"
EndProject
Project("{9A19103F-16F7-4668-BE54-9A1E7A4F7556}") = "PrismBase.Services.Interfaces", "PrismBase\Services\PrismBase.Services.Interfaces\PrismBase.Services.Interfaces.csproj", "{95500E31-931C-44C8-AF92-A8243D429E91}"
EndProject
Project("{9A19103F-16F7-4668-BE54-9A1E7A4F7556}") = "PrismBase", "PrismBase\PrismBase\PrismBase.csproj", "{B3A880C9-07AC-4C79-8200-147771433586}"
EndProject
Project("{9A19103F-16F7-4668-BE54-9A1E7A4F7556}") = "PrismBase.Core", "PrismBase\PrismBase.Core\PrismBase.Core.csproj", "{E164D4DB-7DB2-4E31-B4AB-9D9A28B94E42}"
EndProject
Project("{FAE04EC0-301F-11D3-BF4B-00C04F79EFBC}") = "PrismBase.Modules.Details", "PrismBase.Modules.Details\PrismBase.Modules.Details.csproj", "{3F4BB3C0-039E-4AB3-BBEF-D1110B38F394}"
EndProject
Global
	GlobalSection(SolutionConfigurationPlatforms) = preSolution
		Debug|Any CPU = Debug|Any CPU
		Release|Any CPU = Release|Any CPU
	EndGlobalSection
	GlobalSection(ProjectConfigurationPlatforms) = postSolution
		{80D24C56-6EA4-4C26-B1F9-686DC7599DA6}.Debug|Any CPU.ActiveCfg = Debug|Any CPU
		{80D24C56-6EA4-4C26-B1F9-686DC7599DA6}.Debug|Any CPU.Build.0 = Debug|Any CPU
		{80D24C56-6EA4-4C26-B1F9-686DC7599DA6}.Release|Any CPU.ActiveCfg = Release|Any CPU
		{80D24C56-6EA4-4C26-B1F9-686DC7599DA6}.Release|Any CPU.Build.0 = Release|Any CPU
		{86D6506C-4891-4E0F-BCA9-FBAEE2EA04D8}.Debug|Any CPU.ActiveCfg = Debug|Any CPU
		{86D6506C-4891-4E0F-BCA9-FBAEE2EA04D8}.Debug|Any CPU.Build.0 = Debug|Any CPU
		{86D6506C-4891-4E0F-BCA9-FBAEE2EA04D8}.Release|Any CPU.ActiveCfg = Release|Any CPU
		{86D6506C-4891-4E0F-BCA9-FBAEE2EA04D8}.Release|Any CPU.Build.0 = Release|Any CPU
		{95500E31-931C-44C8-AF92-A8243D429E91}.Debug|Any CPU.ActiveCfg = Debug|Any CPU
		{95500E31-931C-44C8-AF92-A8243D429E91}.Debug|Any CPU.Build.0 = Debug|Any CPU
		{95500E31-931C-44C8-AF92-A8243D429E91}.Release|Any CPU.ActiveCfg = Release|Any CPU
		{95500E31-931C-44C8-AF92-A8243D429E91}.Release|Any CPU.Build.0 = Release|Any CPU
		{B3A880C9-07AC-4C79-8200-147771433586}.Debug|Any CPU.ActiveCfg = Debug|Any CPU
		{B3A880C9-07AC-4C79-8200-147771433586}.Debug|Any CPU.Build.0 = Debug|Any CPU
		{B3A880C9-07AC-4C79-8200-147771433586}.Release|Any CPU.ActiveCfg = Release|Any CPU
		{B3A880C9-07AC-4C79-8200-147771433586}.Release|Any CPU.Build.0 = Release|Any CPU
		{E164D4DB-7DB2-4E31-B4AB-9D9A28B94E42}.Debug|Any CPU.ActiveCfg = Debug|Any CPU
		{E164D4DB-7DB2-4E31-B4AB-9D9A28B94E42}.Debug|Any CPU.Build.0 = Debug|Any CPU
		{E164D4DB-7DB2-4E31-B4AB-9D9A28B94E42}.Release|Any CPU.ActiveCfg = Release|Any CPU
		{E164D4DB-7DB2-4E31-B4AB-9D9A28B94E42}.Release|Any CPU.Build.0 = Release|Any CPU
		{3F4BB3C0-039E-4AB3-BBEF-D1110B38F394}.Debug|Any CPU.ActiveCfg = Debug|Any CPU
		{3F4BB3C0-039E-4AB3-BBEF-D1110B38F394}.Debug|Any CPU.Build.0 = Debug|Any CPU
		{3F4BB3C0-039E-4AB3-BBEF-D1110B38F394}.Release|Any CPU.ActiveCfg = Release|Any CPU
		{3F4BB3C0-039E-4AB3-BBEF-D1110B38F394}.Release|Any CPU.Build.0 = Release|Any CPU
	EndGlobalSection
	GlobalSection(SolutionProperties) = preSolution
		HideSolutionNode = FALSE
	EndGlobalSection
	GlobalSection(NestedProjects) = preSolution
		{80D24C56-6EA4-4C26-B1F9-686DC7599DA6} = {4D7742E6-EB50-4345-B53D-6AE25FD92B7C}
		{86D6506C-4891-4E0F-BCA9-FBAEE2EA04D8} = {9D0E79E4-2D0C-4401-B09E-2486F5F219A1}
		{95500E31-931C-44C8-AF92-A8243D429E91} = {9D0E79E4-2D0C-4401-B09E-2486F5F219A1}
		{3F4BB3C0-039E-4AB3-BBEF-D1110B38F394} = {4D7742E6-EB50-4345-B53D-6AE25FD92B7C}
	EndGlobalSection
	GlobalSection(ExtensibilityGlobals) = postSolution
		SolutionGuid = {DB78D5E3-53D2-4ABD-BEF1-EF05E54A1B8C}
	EndGlobalSection
EndGlobal
